
Microsoft Visual Studio Solution File, Format Version 12.00
# Visual Studio Version 16
VisualStudioVersion = 16.0.31313.79
MinimumVisualStudioVersion = 10.0.40219.1
Project("{FAE04EC0-301F-11D3-BF4B-00C04F79EFBC}") = "Theatre", "Theatre\Theatre.csproj", "{20DB7A56-22F0-4919-A1BA-C696CD0CFBED}"
EndProject
Project("{FAE04EC0-301F-11D3-BF4B-00C04F79EFBC}") = "Poster", "Afisha\Poster.csproj", "{AE640E19-296D-47B5-A872-9F9837C99493}"
EndProject
Global
	GlobalSection(SolutionConfigurationPlatforms) = preSolution
		Debug|Any CPU = Debug|Any CPU
		Release|Any CPU = Release|Any CPU
	EndGlobalSection
	GlobalSection(ProjectConfigurationPlatforms) = postSolution
		{20DB7A56-22F0-4919-A1BA-C696CD0CFBED}.Debug|Any CPU.ActiveCfg = Debug|Any CPU
		{20DB7A56-22F0-4919-A1BA-C696CD0CFBED}.Debug|Any CPU.Build.0 = Debug|Any CPU
		{20DB7A56-22F0-4919-A1BA-C696CD0CFBED}.Release|Any CPU.ActiveCfg = Release|Any CPU
		{20DB7A56-22F0-4919-A1BA-C696CD0CFBED}.Release|Any CPU.Build.0 = Release|Any CPU
		{AE640E19-296D-47B5-A872-9F9837C99493}.Debug|Any CPU.ActiveCfg = Debug|Any CPU
		{AE640E19-296D-47B5-A872-9F9837C99493}.Debug|Any CPU.Build.0 = Debug|Any CPU
		{AE640E19-296D-47B5-A872-9F9837C99493}.Release|Any CPU.ActiveCfg = Release|Any CPU
		{AE640E19-296D-47B5-A872-9F9837C99493}.Release|Any CPU.Build.0 = Release|Any CPU
	EndGlobalSection
	GlobalSection(SolutionProperties) = preSolution
		HideSolutionNode = FALSE
	EndGlobalSection
	GlobalSection(ExtensibilityGlobals) = postSolution
		SolutionGuid = {F088EA25-626C-4ABD-9855-C88A17776589}
	EndGlobalSection
EndGlobal
